
Microsoft Visual Studio Solution File, Format Version 12.00
# Visual Studio Version 17
VisualStudioVersion = 17.10.35013.160
MinimumVisualStudioVersion = 10.0.40219.1
Project("{9A19103F-16F7-4668-BE54-9A1E7A4F7556}") = "HKW.ReactiveUI.Demo", "HKW.ReactiveUI.Demo\HKW.ReactiveUI.Demo.csproj", "{2C642080-F748-495E-BA1A-390459D80AD9}"
EndProject
Project("{9A19103F-16F7-4668-BE54-9A1E7A4F7556}") = "HKW.ReactiveUI", "HKW.ReactiveUI\HKW.ReactiveUI.csproj", "{881402AC-1354-42A3-A38A-CD238DDA5256}"
EndProject
Project("{9A19103F-16F7-4668-BE54-9A1E7A4F7556}") = "HKW.ReactiveUI.Fody", "HKW.ReactiveUI.Fody\HKW.ReactiveUI.Fody.csproj", "{10A87A89-16F2-4A53-B19B-7532676836B8}"
EndProject
Global
	GlobalSection(SolutionConfigurationPlatforms) = preSolution
		Debug|Any CPU = Debug|Any CPU
		Release|Any CPU = Release|Any CPU
	EndGlobalSection
	GlobalSection(ProjectConfigurationPlatforms) = postSolution
		{2C642080-F748-495E-BA1A-390459D80AD9}.Debug|Any CPU.ActiveCfg = Debug|Any CPU
		{2C642080-F748-495E-BA1A-390459D80AD9}.Debug|Any CPU.Build.0 = Debug|Any CPU
		{2C642080-F748-495E-BA1A-390459D80AD9}.Release|Any CPU.ActiveCfg = Release|Any CPU
		{2C642080-F748-495E-BA1A-390459D80AD9}.Release|Any CPU.Build.0 = Release|Any CPU
		{881402AC-1354-42A3-A38A-CD238DDA5256}.Debug|Any CPU.ActiveCfg = Debug|Any CPU
		{881402AC-1354-42A3-A38A-CD238DDA5256}.Debug|Any CPU.Build.0 = Debug|Any CPU
		{881402AC-1354-42A3-A38A-CD238DDA5256}.Release|Any CPU.ActiveCfg = Release|Any CPU
		{881402AC-1354-42A3-A38A-CD238DDA5256}.Release|Any CPU.Build.0 = Release|Any CPU
		{10A87A89-16F2-4A53-B19B-7532676836B8}.Debug|Any CPU.ActiveCfg = Debug|Any CPU
		{10A87A89-16F2-4A53-B19B-7532676836B8}.Debug|Any CPU.Build.0 = Debug|Any CPU
		{10A87A89-16F2-4A53-B19B-7532676836B8}.Release|Any CPU.ActiveCfg = Release|Any CPU
		{10A87A89-16F2-4A53-B19B-7532676836B8}.Release|Any CPU.Build.0 = Release|Any CPU
	EndGlobalSection
	GlobalSection(SolutionProperties) = preSolution
		HideSolutionNode = FALSE
	EndGlobalSection
	GlobalSection(ExtensibilityGlobals) = postSolution
		SolutionGuid = {C2029D3A-1730-49E2-94FB-76A761FDFB6C}
	EndGlobalSection
EndGlobal
